
Microsoft Visual Studio Solution File, Format Version 12.00
# Visual Studio Version 17
VisualStudioVersion = 17.9.34714.143
MinimumVisualStudioVersion = 10.0.40219.1
Project("{9A19103F-16F7-4668-BE54-9A1E7A4F7556}") = "RetailStore", "RetailStore\RetailStore.csproj", "{5C58E92F-9604-41D2-94E2-F4FD6E7F29F4}"
EndProject
Project("{9A19103F-16F7-4668-BE54-9A1E7A4F7556}") = "AccessData", "AccessData\AccessData.csproj", "{93F6FE0A-4BA4-425B-9B6E-4B898F6AA278}"
EndProject
Project("{9A19103F-16F7-4668-BE54-9A1E7A4F7556}") = "Application", "Application\Application.csproj", "{C33A81FC-256A-4C80-9CF0-7647894372C3}"
EndProject
Global
	GlobalSection(SolutionConfigurationPlatforms) = preSolution
		Debug|Any CPU = Debug|Any CPU
		Release|Any CPU = Release|Any CPU
	EndGlobalSection
	GlobalSection(ProjectConfigurationPlatforms) = postSolution
		{5C58E92F-9604-41D2-94E2-F4FD6E7F29F4}.Debug|Any CPU.ActiveCfg = Debug|Any CPU
		{5C58E92F-9604-41D2-94E2-F4FD6E7F29F4}.Debug|Any CPU.Build.0 = Debug|Any CPU
		{5C58E92F-9604-41D2-94E2-F4FD6E7F29F4}.Release|Any CPU.ActiveCfg = Release|Any CPU
		{5C58E92F-9604-41D2-94E2-F4FD6E7F29F4}.Release|Any CPU.Build.0 = Release|Any CPU
		{93F6FE0A-4BA4-425B-9B6E-4B898F6AA278}.Debug|Any CPU.ActiveCfg = Debug|Any CPU
		{93F6FE0A-4BA4-425B-9B6E-4B898F6AA278}.Debug|Any CPU.Build.0 = Debug|Any CPU
		{93F6FE0A-4BA4-425B-9B6E-4B898F6AA278}.Release|Any CPU.ActiveCfg = Release|Any CPU
		{93F6FE0A-4BA4-425B-9B6E-4B898F6AA278}.Release|Any CPU.Build.0 = Release|Any CPU
		{C33A81FC-256A-4C80-9CF0-7647894372C3}.Debug|Any CPU.ActiveCfg = Debug|Any CPU
		{C33A81FC-256A-4C80-9CF0-7647894372C3}.Debug|Any CPU.Build.0 = Debug|Any CPU
		{C33A81FC-256A-4C80-9CF0-7647894372C3}.Release|Any CPU.ActiveCfg = Release|Any CPU
		{C33A81FC-256A-4C80-9CF0-7647894372C3}.Release|Any CPU.Build.0 = Release|Any CPU
	EndGlobalSection
	GlobalSection(SolutionProperties) = preSolution
		HideSolutionNode = FALSE
	EndGlobalSection
	GlobalSection(ExtensibilityGlobals) = postSolution
		SolutionGuid = {60A3C3DE-18B8-4648-A7CA-179425953804}
	EndGlobalSection
EndGlobal
